// !$*UTF8*$!
{
	archiveVersion = 1;
	classes = {
	};
	objectVersion = 46;
	objects = {

/* Begin PBXBuildFile section */
		90D96C9E19D7A96500792147 /* main.m in Sources */ = {isa = PBXBuildFile; fileRef = 90D96C9D19D7A96500792147 /* main.m */; };
		90D96CA619D7BC7400792147 /* BNRItem.m in Sources */ = {isa = PBXBuildFile; fileRef = 90D96CA519D7BC7400792147 /* BNRItem.m */; };
/* End PBXBuildFile section */

/* Begin PBXCopyFilesBuildPhase section */
		90D96C9819D7A96500792147 /* CopyFiles */ = {
			isa = PBXCopyFilesBuildPhase;
			buildActionMask = 2147483647;
			dstPath = /usr/share/man/man1/;
			dstSubfolderSpec = 0;
			files = (
			);
			runOnlyForDeploymentPostprocessing = 1;
		};
/* End PBXCopyFilesBuildPhase section */

/* Begin PBXFileReference section */
		90D96C9A19D7A96500792147 /* RandomItems */ = {isa = PBXFileReference; explicitFileType = "compiled.mach-o.executable"; includeInIndex = 0; path = RandomItems; sourceTree = BUILT_PRODUCTS_DIR; };
		90D96C9D19D7A96500792147 /* main.m */ = {isa = PBXFileReference; lastKnownFileType = sourcecode.c.objc; path = main.m; sourceTree = "<group>"; };
		90D96CA419D7BC7400792147 /* BNRItem.h */ = {isa = PBXFileReference; fileEncoding = 4; lastKnownFileType = sourcecode.c.h; path = BNRItem.h; sourceTree = "<group>"; };
		90D96CA519D7BC7400792147 /* BNRItem.m */ = {isa = PBXFileReference; fileEncoding = 4; lastKnownFileType = sourcecode.c.objc; path = BNRItem.m; sourceTree = "<group>"; };
/* End PBXFileReference section */

/* Begin PBXFrameworksBuildPhase section */
		90D96C9719D7A96500792147 /* Frameworks */ = {
			isa = PBXFrameworksBuildPhase;
			buildActionMask = 2147483647;
			files = (
			);
			runOnlyForDeploymentPostprocessing = 0;
		};
/* End PBXFrameworksBuildPhase section */

/* Begin PBXGroup section */
		90D96C9119D7A96500792147 = {
			isa = PBXGroup;
			children = (
				90D96C9C19D7A96500792147 /* RandomItems */,
				90D96C9B19D7A96500792147 /* Products */,
			);
			sourceTree = "<group>";
		};
		90D96C9B19D7A96500792147 /* Products */ = {
			isa = PBXGroup;
			children = (
				90D96C9A19D7A96500792147 /* RandomItems */,
			);
			name = Products;
			sourceTree = "<group>";
		};
		90D96C9C19D7A96500792147 /* RandomItems */ = {
			isa = PBXGroup;
			children = (
				90D96C9D19D7A96500792147 /* main.m */,
				90D96CA419D7BC7400792147 /* BNRItem.h */,
				90D96CA519D7BC7400792147 /* BNRItem.m */,
			);
			path = RandomItems;
			sourceTree = "<group>";
		};
/* End PBXGroup section */

/* Begin PBXNativeTarget section */
		90D96C9919D7A96500792147 /* RandomItems */ = {
			isa = PBXNativeTarget;
			buildConfigurationList = 90D96CA119D7A96500792147 /* Build configuration list for PBXNativeTarget "RandomItems" */;
			buildPhases = (
				90D96C9619D7A96500792147 /* Sources */,
				90D96C9719D7A96500792147 /* Frameworks */,
				90D96C9819D7A96500792147 /* CopyFiles */,
			);
			buildRules = (
			);
			dependencies = (
			);
			name = RandomItems;
			productName = RandomItems;
			productReference = 90D96C9A19D7A96500792147 /* RandomItems */;
			productType = "com.apple.product-type.tool";
		};
/* End PBXNativeTarget section */

/* Begin PBXProject section */
		90D96C9219D7A96500792147 /* Project object */ = {
			isa = PBXProject;
			attributes = {
				LastUpgradeCheck = 0600;
				ORGANIZATIONNAME = leeemichael;
				TargetAttributes = {
					90D96C9919D7A96500792147 = {
						CreatedOnToolsVersion = 6.0.1;
					};
				};
			};
			buildConfigurationList = 90D96C9519D7A96500792147 /* Build configuration list for PBXProject "RandomItems" */;
			compatibilityVersion = "Xcode 3.2";
			developmentRegion = English;
			hasScannedForEncodings = 0;
			knownRegions = (
				en,
			);
			mainGroup = 90D96C9119D7A96500792147;
			productRefGroup = 90D96C9B19D7A96500792147 /* Products */;
			projectDirPath = "";
			projectRoot = "";
			targets = (
				90D96C9919D7A96500792147 /* RandomItems */,
			);
		};
/* End PBXProject section */

/* Begin PBXSourcesBuildPhase section */
		90D96C9619D7A96500792147 /* Sources */ = {
			isa = PBXSourcesBuildPhase;
			buildActionMask = 2147483647;
			files = (
				90D96C9E19D7A96500792147 /* main.m in Sources */,
				90D96CA619D7BC7400792147 /* BNRItem.m in Sources */,
			);
			runOnlyForDeploymentPostprocessing = 0;
		};
/* End PBXSourcesBuildPhase section */

/* Begin XCBuildConfiguration section */
		90D96C9F19D7A96500792147 /* Debug */ = {
			isa = XCBuildConfiguration;
			buildSettings = {
				ALWAYS_SEARCH_USER_PATHS = NO;
				CLANG_CXX_LANGUAGE_STANDARD = "gnu++0x";
				CLANG_CXX_LIBRARY = "libc++";
				CLANG_ENABLE_MODULES = YES;
				CLANG_ENABLE_OBJC_ARC = YES;
				CLANG_WARN_BOOL_CONVERSION = YES;
				CLANG_WARN_CONSTANT_CONVERSION = YES;
				CLANG_WARN_DIRECT_OBJC_ISA_USAGE = YES_ERROR;
				CLANG_WARN_EMPTY_BODY = YES;
				CLANG_WARN_ENUM_CONVERSION = YES;
				CLANG_WARN_INT_CONVERSION = YES;
				CLANG_WARN_OBJC_ROOT_CLASS = YES_ERROR;
				CLANG_WARN_UNREACHABLE_CODE = YES;
				CLANG_WARN__DUPLICATE_METHOD_MATCH = YES;
				COPY_PHASE_STRIP = NO;
				ENABLE_STRICT_OBJC_MSGSEND = YES;
				GCC_C_LANGUAGE_STANDARD = gnu99;
				GCC_DYNAMIC_NO_PIC = NO;
				GCC_OPTIMIZATION_LEVEL = 0;
				GCC_PREPROCESSOR_DEFINITIONS = (
					"DEBUG=1",
					"$(inherited)",
				);
				GCC_SYMBOLS_PRIVATE_EXTERN = NO;
				GCC_WARN_64_TO_32_BIT_CONVERSION = YES;
				GCC_WARN_ABOUT_RETURN_TYPE = YES_ERROR;
				GCC_WARN_UNDECLARED_SELECTOR = YES;
				GCC_WARN_UNINITIALIZED_AUTOS = YES_AGGRESSIVE;
				GCC_WARN_UNUSED_FUNCTION = YES;
				GCC_WARN_UNUSED_VARIABLE = YES;
				MACOSX_DEPLOYMENT_TARGET = 10.9;
				MTL_ENABLE_DEBUG_INFO = YES;
				ONLY_ACTIVE_ARCH = YES;
				SDKROOT = macosx;
			};
			name = Debug;
		};
		90D96CA019D7A96500792147 /* Release */ = {
			isa = XCBuildConfiguration;
			buildSettings = {
				ALWAYS_SEARCH_USER_PATHS = NO;
				CLANG_CXX_LANGUAGE_STANDARD = "gnu++0x";
				CLANG_CXX_LIBRARY = "libc++";
				CLANG_ENABLE_MODULES = YES;
				CLANG_ENABLE_OBJC_ARC = YES;
				CLANG_WARN_BOOL_CONVERSION = YES;
				CLANG_WARN_CONSTANT_CONVERSION = YES;
				CLANG_WARN_DIRECT_OBJC_ISA_USAGE = YES_ERROR;
				CLANG_WARN_EMPTY_BODY = YES;
				CLANG_WARN_ENUM_CONVERSION = YES;
				CLANG_WARN_INT_CONVERSION = YES;
				CLANG_WARN_OBJC_ROOT_CLASS = YES_ERROR;
				CLANG_WARN_UNREACHABLE_CODE = YES;
				CLANG_WARN__DUPLICATE_METHOD_MATCH = YES;
				COPY_PHASE_STRIP = YES;
				DEBUG_INFORMATION_FORMAT = "dwarf-with-dsym";
				ENABLE_NS_ASSERTIONS = NO;
				ENABLE_STRICT_OBJC_MSGSEND = YES;
				GCC_C_LANGUAGE_STANDARD = gnu99;
				GCC_WARN_64_TO_32_BIT_CONVERSION = YES;
				GCC_WARN_ABOUT_RETURN_TYPE = YES_ERROR;
				GCC_WARN_UNDECLARED_SELECTOR = YES;
				GCC_WARN_UNINITIALIZED_AUTOS = YES_AGGRESSIVE;
				GCC_WARN_UNUSED_FUNCTION = YES;
				GCC_WARN_UNUSED_VARIABLE = YES;
				MACOSX_DEPLOYMENT_TARGET = 10.9;
				MTL_ENABLE_DEBUG_INFO = NO;
				SDKROOT = macosx;
			};
			name = Release;
		};
		90D96CA219D7A96500792147 /* Debug */ = {
			isa = XCBuildConfiguration;
			buildSettings = {
				PRODUCT_NAME = "$(TARGET_NAME)";
			};
			name = Debug;
		};
		90D96CA319D7A96500792147 /* Release */ = {
			isa = XCBuildConfiguration;
			buildSettings = {
				PRODUCT_NAME = "$(TARGET_NAME)";
			};
			name = Release;
		};
/* End XCBuildConfiguration section */

/* Begin XCConfigurationList section */
		90D96C9519D7A96500792147 /* Build configuration list for PBXProject "RandomItems" */ = {
			isa = XCConfigurationList;
			buildConfigurations = (
				90D96C9F19D7A96500792147 /* Debug */,
				90D96CA019D7A96500792147 /* Release */,
			);
			defaultConfigurationIsVisible = 0;
			defaultConfigurationName = Release;
		};
		90D96CA119D7A96500792147 /* Build configuration list for PBXNativeTarget "RandomItems" */ = {
			isa = XCConfigurationList;
			buildConfigurations = (
				90D96CA219D7A96500792147 /* Debug */,
				90D96CA319D7A96500792147 /* Release */,
			);
			defaultConfigurationIsVisible = 0;
			defaultConfigurationName = Release;
		};
/* End XCConfigurationList section */
	};
	rootObject = 90D96C9219D7A96500792147 /* Project object */;
}
